// !$*UTF8*$!
{
	archiveVersion = 1;
	classes = {
	};
	objectVersion = 48;
	objects = {

/* Begin PBXBuildFile section */
		F611CCDC20B5C4DD001FB8FF /* Game.swift in Sources */ = {isa = PBXBuildFile; fileRef = F611CCDB20B5C4DD001FB8FF /* Game.swift */; };
		F6F367A420A8977F00068336 /* main.swift in Sources */ = {isa = PBXBuildFile; fileRef = F6F367A320A8977F00068336 /* main.swift */; };
		F6F367AB20A897C500068336 /* Character.swift in Sources */ = {isa = PBXBuildFile; fileRef = F6F367AA20A897C500068336 /* Character.swift */; };
		F6F367AD20A897D000068336 /* Player.swift in Sources */ = {isa = PBXBuildFile; fileRef = F6F367AC20A897D000068336 /* Player.swift */; };
		F6F367AF20A897DC00068336 /* Team.swift in Sources */ = {isa = PBXBuildFile; fileRef = F6F367AE20A897DC00068336 /* Team.swift */; };
		F6F367B120A8985000068336 /* DisplayFunc.swift in Sources */ = {isa = PBXBuildFile; fileRef = F6F367B020A8985000068336 /* DisplayFunc.swift */; };
		F6F367B320A898A900068336 /* ActionFunc.swift in Sources */ = {isa = PBXBuildFile; fileRef = F6F367B220A898A900068336 /* ActionFunc.swift */; };
		F6F367B520A89A6200068336 /* PickingFunc.swift in Sources */ = {isa = PBXBuildFile; fileRef = F6F367B420A89A6200068336 /* PickingFunc.swift */; };
		F6F367B720A89B1800068336 /* MysteriousBox.swift in Sources */ = {isa = PBXBuildFile; fileRef = F6F367B620A89B1800068336 /* MysteriousBox.swift */; };
/* End PBXBuildFile section */

/* Begin PBXCopyFilesBuildPhase section */
		F6F3679E20A8977F00068336 /* CopyFiles */ = {
			isa = PBXCopyFilesBuildPhase;
			buildActionMask = 2147483647;
			dstPath = /usr/share/man/man1/;
			dstSubfolderSpec = 0;
			files = (
			);
			runOnlyForDeploymentPostprocessing = 1;
		};
/* End PBXCopyFilesBuildPhase section */

/* Begin PBXFileReference section */
		F611CCDB20B5C4DD001FB8FF /* Game.swift */ = {isa = PBXFileReference; lastKnownFileType = sourcecode.swift; path = Game.swift; sourceTree = "<group>"; };
		F6F367A020A8977F00068336 /* The Game Of Heroes - Bargat */ = {isa = PBXFileReference; explicitFileType = "compiled.mach-o.executable"; includeInIndex = 0; path = "The Game Of Heroes - Bargat"; sourceTree = BUILT_PRODUCTS_DIR; };
		F6F367A320A8977F00068336 /* main.swift */ = {isa = PBXFileReference; lastKnownFileType = sourcecode.swift; path = main.swift; sourceTree = "<group>"; };
		F6F367AA20A897C500068336 /* Character.swift */ = {isa = PBXFileReference; lastKnownFileType = sourcecode.swift; path = Character.swift; sourceTree = "<group>"; };
		F6F367AC20A897D000068336 /* Player.swift */ = {isa = PBXFileReference; lastKnownFileType = sourcecode.swift; path = Player.swift; sourceTree = "<group>"; };
		F6F367AE20A897DC00068336 /* Team.swift */ = {isa = PBXFileReference; lastKnownFileType = sourcecode.swift; path = Team.swift; sourceTree = "<group>"; };
		F6F367B020A8985000068336 /* DisplayFunc.swift */ = {isa = PBXFileReference; lastKnownFileType = sourcecode.swift; path = DisplayFunc.swift; sourceTree = "<group>"; };
		F6F367B220A898A900068336 /* ActionFunc.swift */ = {isa = PBXFileReference; lastKnownFileType = sourcecode.swift; path = ActionFunc.swift; sourceTree = "<group>"; };
		F6F367B420A89A6200068336 /* PickingFunc.swift */ = {isa = PBXFileReference; lastKnownFileType = sourcecode.swift; path = PickingFunc.swift; sourceTree = "<group>"; };
		F6F367B620A89B1800068336 /* MysteriousBox.swift */ = {isa = PBXFileReference; lastKnownFileType = sourcecode.swift; path = MysteriousBox.swift; sourceTree = "<group>"; };
/* End PBXFileReference section */

/* Begin PBXFrameworksBuildPhase section */
		F6F3679D20A8977F00068336 /* Frameworks */ = {
			isa = PBXFrameworksBuildPhase;
			buildActionMask = 2147483647;
			files = (
			);
			runOnlyForDeploymentPostprocessing = 0;
		};
/* End PBXFrameworksBuildPhase section */

/* Begin PBXGroup section */
		F6F3679720A8977F00068336 = {
			isa = PBXGroup;
			children = (
				F6F367A220A8977F00068336 /* The Game Of Heroes - Bargat */,
				F6F367A120A8977F00068336 /* Products */,
			);
			sourceTree = "<group>";
		};
		F6F367A120A8977F00068336 /* Products */ = {
			isa = PBXGroup;
			children = (
				F6F367A020A8977F00068336 /* The Game Of Heroes - Bargat */,
			);
			name = Products;
			sourceTree = "<group>";
		};
		F6F367A220A8977F00068336 /* The Game Of Heroes - Bargat */ = {
			isa = PBXGroup;
			children = (
				F6F367A320A8977F00068336 /* main.swift */,
				F6F367B020A8985000068336 /* DisplayFunc.swift */,
				F6F367B220A898A900068336 /* ActionFunc.swift */,
				F6F367B420A89A6200068336 /* PickingFunc.swift */,
				F6F367B620A89B1800068336 /* MysteriousBox.swift */,
				F6F367AE20A897DC00068336 /* Team.swift */,
				F6F367AC20A897D000068336 /* Player.swift */,
				F6F367AA20A897C500068336 /* Character.swift */,
				F611CCDB20B5C4DD001FB8FF /* Game.swift */,
			);
			path = "The Game Of Heroes - Bargat";
			sourceTree = "<group>";
		};
/* End PBXGroup section */

/* Begin PBXNativeTarget section */
		F6F3679F20A8977F00068336 /* The Game Of Heroes - Bargat */ = {
			isa = PBXNativeTarget;
			buildConfigurationList = F6F367A720A8977F00068336 /* Build configuration list for PBXNativeTarget "The Game Of Heroes - Bargat" */;
			buildPhases = (
				F6F3679C20A8977F00068336 /* Sources */,
				F6F3679D20A8977F00068336 /* Frameworks */,
				F6F3679E20A8977F00068336 /* CopyFiles */,
			);
			buildRules = (
			);
			dependencies = (
			);
			name = "The Game Of Heroes - Bargat";
			productName = "The Game Of Heroes - Bargat";
			productReference = F6F367A020A8977F00068336 /* The Game Of Heroes - Bargat */;
			productType = "com.apple.product-type.tool";
		};
/* End PBXNativeTarget section */

/* Begin PBXProject section */
		F6F3679820A8977F00068336 /* Project object */ = {
			isa = PBXProject;
			attributes = {
				LastSwiftUpdateCheck = 0920;
				LastUpgradeCheck = 0920;
				ORGANIZATIONNAME = "Thibault Dev";
				TargetAttributes = {
					F6F3679F20A8977F00068336 = {
						CreatedOnToolsVersion = 9.2;
						ProvisioningStyle = Automatic;
					};
				};
			};
			buildConfigurationList = F6F3679B20A8977F00068336 /* Build configuration list for PBXProject "The Game Of Heroes - Bargat" */;
			compatibilityVersion = "Xcode 8.0";
			developmentRegion = en;
			hasScannedForEncodings = 0;
			knownRegions = (
				en,
			);
			mainGroup = F6F3679720A8977F00068336;
			productRefGroup = F6F367A120A8977F00068336 /* Products */;
			projectDirPath = "";
			projectRoot = "";
			targets = (
				F6F3679F20A8977F00068336 /* The Game Of Heroes - Bargat */,
			);
		};
/* End PBXProject section */

/* Begin PBXSourcesBuildPhase section */
		F6F3679C20A8977F00068336 /* Sources */ = {
			isa = PBXSourcesBuildPhase;
			buildActionMask = 2147483647;
			files = (
				F6F367AF20A897DC00068336 /* Team.swift in Sources */,
				F611CCDC20B5C4DD001FB8FF /* Game.swift in Sources */,
				F6F367A420A8977F00068336 /* main.swift in Sources */,
				F6F367B120A8985000068336 /* DisplayFunc.swift in Sources */,
				F6F367B720A89B1800068336 /* MysteriousBox.swift in Sources */,
				F6F367B520A89A6200068336 /* PickingFunc.swift in Sources */,
				F6F367AD20A897D000068336 /* Player.swift in Sources */,
				F6F367AB20A897C500068336 /* Character.swift in Sources */,
				F6F367B320A898A900068336 /* ActionFunc.swift in Sources */,
			);
			runOnlyForDeploymentPostprocessing = 0;
		};
/* End PBXSourcesBuildPhase section */

/* Begin XCBuildConfiguration section */
		F6F367A520A8977F00068336 /* Debug */ = {
			isa = XCBuildConfiguration;
			buildSettings = {
				ALWAYS_SEARCH_USER_PATHS = NO;
				CLANG_ANALYZER_NONNULL = YES;
				CLANG_ANALYZER_NUMBER_OBJECT_CONVERSION = YES_AGGRESSIVE;
				CLANG_CXX_LANGUAGE_STANDARD = "gnu++14";
				CLANG_CXX_LIBRARY = "libc++";
				CLANG_ENABLE_MODULES = YES;
				CLANG_ENABLE_OBJC_ARC = YES;
				CLANG_WARN_BLOCK_CAPTURE_AUTORELEASING = YES;
				CLANG_WARN_BOOL_CONVERSION = YES;
				CLANG_WARN_COMMA = YES;
				CLANG_WARN_CONSTANT_CONVERSION = YES;
				CLANG_WARN_DIRECT_OBJC_ISA_USAGE = YES_ERROR;
				CLANG_WARN_DOCUMENTATION_COMMENTS = YES;
				CLANG_WARN_EMPTY_BODY = YES;
				CLANG_WARN_ENUM_CONVERSION = YES;
				CLANG_WARN_INFINITE_RECURSION = YES;
				CLANG_WARN_INT_CONVERSION = YES;
				CLANG_WARN_NON_LITERAL_NULL_CONVERSION = YES;
				CLANG_WARN_OBJC_LITERAL_CONVERSION = YES;
				CLANG_WARN_OBJC_ROOT_CLASS = YES_ERROR;
				CLANG_WARN_RANGE_LOOP_ANALYSIS = YES;
				CLANG_WARN_STRICT_PROTOTYPES = YES;
				CLANG_WARN_SUSPICIOUS_MOVE = YES;
				CLANG_WARN_UNGUARDED_AVAILABILITY = YES_AGGRESSIVE;
				CLANG_WARN_UNREACHABLE_CODE = YES;
				CLANG_WARN__DUPLICATE_METHOD_MATCH = YES;
				CODE_SIGN_IDENTITY = "-";
				COPY_PHASE_STRIP = NO;
				DEBUG_INFORMATION_FORMAT = dwarf;
				ENABLE_STRICT_OBJC_MSGSEND = YES;
				ENABLE_TESTABILITY = YES;
				GCC_C_LANGUAGE_STANDARD = gnu11;
				GCC_DYNAMIC_NO_PIC = NO;
				GCC_NO_COMMON_BLOCKS = YES;
				GCC_OPTIMIZATION_LEVEL = 0;
				GCC_PREPROCESSOR_DEFINITIONS = (
					"DEBUG=1",
					"$(inherited)",
				);
				GCC_WARN_64_TO_32_BIT_CONVERSION = YES;
				GCC_WARN_ABOUT_RETURN_TYPE = YES_ERROR;
				GCC_WARN_UNDECLARED_SELECTOR = YES;
				GCC_WARN_UNINITIALIZED_AUTOS = YES_AGGRESSIVE;
				GCC_WARN_UNUSED_FUNCTION = YES;
				GCC_WARN_UNUSED_VARIABLE = YES;
				MACOSX_DEPLOYMENT_TARGET = 10.13;
				MTL_ENABLE_DEBUG_INFO = YES;
				ONLY_ACTIVE_ARCH = YES;
				SDKROOT = macosx;
				SWIFT_ACTIVE_COMPILATION_CONDITIONS = DEBUG;
				SWIFT_OPTIMIZATION_LEVEL = "-Onone";
			};
			name = Debug;
		};
		F6F367A620A8977F00068336 /* Release */ = {
			isa = XCBuildConfiguration;
			buildSettings = {
				ALWAYS_SEARCH_USER_PATHS = NO;
				CLANG_ANALYZER_NONNULL = YES;
				CLANG_ANALYZER_NUMBER_OBJECT_CONVERSION = YES_AGGRESSIVE;
				CLANG_CXX_LANGUAGE_STANDARD = "gnu++14";
				CLANG_CXX_LIBRARY = "libc++";
				CLANG_ENABLE_MODULES = YES;
				CLANG_ENABLE_OBJC_ARC = YES;
				CLANG_WARN_BLOCK_CAPTURE_AUTORELEASING = YES;
				CLANG_WARN_BOOL_CONVERSION = YES;
				CLANG_WARN_COMMA = YES;
				CLANG_WARN_CONSTANT_CONVERSION = YES;
				CLANG_WARN_DIRECT_OBJC_ISA_USAGE = YES_ERROR;
				CLANG_WARN_DOCUMENTATION_COMMENTS = YES;
				CLANG_WARN_EMPTY_BODY = YES;
				CLANG_WARN_ENUM_CONVERSION = YES;
				CLANG_WARN_INFINITE_RECURSION = YES;
				CLANG_WARN_INT_CONVERSION = YES;
				CLANG_WARN_NON_LITERAL_NULL_CONVERSION = YES;
				CLANG_WARN_OBJC_LITERAL_CONVERSION = YES;
				CLANG_WARN_OBJC_ROOT_CLASS = YES_ERROR;
				CLANG_WARN_RANGE_LOOP_ANALYSIS = YES;
				CLANG_WARN_STRICT_PROTOTYPES = YES;
				CLANG_WARN_SUSPICIOUS_MOVE = YES;
				CLANG_WARN_UNGUARDED_AVAILABILITY = YES_AGGRESSIVE;
				CLANG_WARN_UNREACHABLE_CODE = YES;
				CLANG_WARN__DUPLICATE_METHOD_MATCH = YES;
				CODE_SIGN_IDENTITY = "-";
				COPY_PHASE_STRIP = NO;
				DEBUG_INFORMATION_FORMAT = "dwarf-with-dsym";
				ENABLE_NS_ASSERTIONS = NO;
				ENABLE_STRICT_OBJC_MSGSEND = YES;
				GCC_C_LANGUAGE_STANDARD = gnu11;
				GCC_NO_COMMON_BLOCKS = YES;
				GCC_WARN_64_TO_32_BIT_CONVERSION = YES;
				GCC_WARN_ABOUT_RETURN_TYPE = YES_ERROR;
				GCC_WARN_UNDECLARED_SELECTOR = YES;
				GCC_WARN_UNINITIALIZED_AUTOS = YES_AGGRESSIVE;
				GCC_WARN_UNUSED_FUNCTION = YES;
				GCC_WARN_UNUSED_VARIABLE = YES;
				MACOSX_DEPLOYMENT_TARGET = 10.13;
				MTL_ENABLE_DEBUG_INFO = NO;
				SDKROOT = macosx;
				SWIFT_OPTIMIZATION_LEVEL = "-Owholemodule";
			};
			name = Release;
		};
		F6F367A820A8977F00068336 /* Debug */ = {
			isa = XCBuildConfiguration;
			buildSettings = {
				CODE_SIGN_STYLE = Automatic;
				PRODUCT_NAME = "$(TARGET_NAME)";
				SWIFT_VERSION = 4.0;
			};
			name = Debug;
		};
		F6F367A920A8977F00068336 /* Release */ = {
			isa = XCBuildConfiguration;
			buildSettings = {
				CODE_SIGN_STYLE = Automatic;
				PRODUCT_NAME = "$(TARGET_NAME)";
				SWIFT_VERSION = 4.0;
			};
			name = Release;
		};
/* End XCBuildConfiguration section */

/* Begin XCConfigurationList section */
		F6F3679B20A8977F00068336 /* Build configuration list for PBXProject "The Game Of Heroes - Bargat" */ = {
			isa = XCConfigurationList;
			buildConfigurations = (
				F6F367A520A8977F00068336 /* Debug */,
				F6F367A620A8977F00068336 /* Release */,
			);
			defaultConfigurationIsVisible = 0;
			defaultConfigurationName = Release;
		};
		F6F367A720A8977F00068336 /* Build configuration list for PBXNativeTarget "The Game Of Heroes - Bargat" */ = {
			isa = XCConfigurationList;
			buildConfigurations = (
				F6F367A820A8977F00068336 /* Debug */,
				F6F367A920A8977F00068336 /* Release */,
			);
			defaultConfigurationIsVisible = 0;
			defaultConfigurationName = Release;
		};
/* End XCConfigurationList section */
	};
	rootObject = F6F3679820A8977F00068336 /* Project object */;
}
